
Microsoft Visual Studio Solution File, Format Version 12.00
# Visual Studio Version 16
VisualStudioVersion = 16.0.30413.136
MinimumVisualStudioVersion = 10.0.40219.1
Project("{FAE04EC0-301F-11D3-BF4B-00C04F79EFBC}") = "password_del1", "password_del1\password_del1.csproj", "{0E0CB339-1A6C-4B62-85EA-B55CC4F85F04}"
EndProject
Global
	GlobalSection(SolutionConfigurationPlatforms) = preSolution
		Debug|Any CPU = Debug|Any CPU
		Release|Any CPU = Release|Any CPU
	EndGlobalSection
	GlobalSection(ProjectConfigurationPlatforms) = postSolution
		{0E0CB339-1A6C-4B62-85EA-B55CC4F85F04}.Debug|Any CPU.ActiveCfg = Debug|Any CPU
		{0E0CB339-1A6C-4B62-85EA-B55CC4F85F04}.Debug|Any CPU.Build.0 = Debug|Any CPU
		{0E0CB339-1A6C-4B62-85EA-B55CC4F85F04}.Release|Any CPU.ActiveCfg = Release|Any CPU
		{0E0CB339-1A6C-4B62-85EA-B55CC4F85F04}.Release|Any CPU.Build.0 = Release|Any CPU
	EndGlobalSection
	GlobalSection(SolutionProperties) = preSolution
		HideSolutionNode = FALSE
	EndGlobalSection
	GlobalSection(ExtensibilityGlobals) = postSolution
		SolutionGuid = {2183A0E2-51C6-42C2-87A0-936537CCAB73}
	EndGlobalSection
EndGlobal
